
Microsoft Visual Studio Solution File, Format Version 12.00
# Visual Studio Version 17
VisualStudioVersion = 17.8.34330.188
MinimumVisualStudioVersion = 10.0.40219.1
Project("{8BC9CEB8-8B4A-11D0-8D11-00A0C91BC942}") = "Team14", "Team14.vcxproj", "{783B8EE7-E7F9-4234-94E7-599F207C3FFE}"
EndProject
Global
	GlobalSection(SolutionConfigurationPlatforms) = preSolution
		Debug|x64 = Debug|x64
		Debug|x86 = Debug|x86
		Release|x64 = Release|x64
		Release|x86 = Release|x86
	EndGlobalSection
	GlobalSection(ProjectConfigurationPlatforms) = postSolution
		{783B8EE7-E7F9-4234-94E7-599F207C3FFE}.Debug|x64.ActiveCfg = Debug|x64
		{783B8EE7-E7F9-4234-94E7-599F207C3FFE}.Debug|x64.Build.0 = Debug|x64
		{783B8EE7-E7F9-4234-94E7-599F207C3FFE}.Debug|x86.ActiveCfg = Debug|Win32
		{783B8EE7-E7F9-4234-94E7-599F207C3FFE}.Debug|x86.Build.0 = Debug|Win32
		{783B8EE7-E7F9-4234-94E7-599F207C3FFE}.Release|x64.ActiveCfg = Release|x64
		{783B8EE7-E7F9-4234-94E7-599F207C3FFE}.Release|x64.Build.0 = Release|x64
		{783B8EE7-E7F9-4234-94E7-599F207C3FFE}.Release|x86.ActiveCfg = Release|Win32
		{783B8EE7-E7F9-4234-94E7-599F207C3FFE}.Release|x86.Build.0 = Release|Win32
	EndGlobalSection
	GlobalSection(SolutionProperties) = preSolution
		HideSolutionNode = FALSE
	EndGlobalSection
	GlobalSection(ExtensibilityGlobals) = postSolution
		SolutionGuid = {A4CBB820-5334-4DD1-9C71-675B12F94B47}
	EndGlobalSection
EndGlobal
